// !$*UTF8*$!
{
	archiveVersion = 1;
	classes = {
	};
	objectVersion = 46;
	objects = {

/* Begin PBXBuildFile section */
		63DC76349FD597391BDCE4B6 /* libPods-SDLiveVideoStream.a in Frameworks */ = {isa = PBXBuildFile; fileRef = 9247ADC3A36C962B601EA65D /* libPods-SDLiveVideoStream.a */; };
		75D2F3881F35AF0F00A734F2 /* BaseViewModel.m in Sources */ = {isa = PBXBuildFile; fileRef = 75D2F3791F35AF0F00A734F2 /* BaseViewModel.m */; };
		75D2F38D1F35AF0F00A734F2 /* BaseViewController.m in Sources */ = {isa = PBXBuildFile; fileRef = 75D2F3871F35AF0F00A734F2 /* BaseViewController.m */; };
		75D2F3A71F35B1A700A734F2 /* NSData+SDCategory.m in Sources */ = {isa = PBXBuildFile; fileRef = 75D2F3901F35B1A700A734F2 /* NSData+SDCategory.m */; };
		75D2F3A81F35B1A700A734F2 /* NSObject+SDCategory.m in Sources */ = {isa = PBXBuildFile; fileRef = 75D2F3921F35B1A700A734F2 /* NSObject+SDCategory.m */; };
		75D2F3A91F35B1A700A734F2 /* NSString+SDCategory.m in Sources */ = {isa = PBXBuildFile; fileRef = 75D2F3941F35B1A700A734F2 /* NSString+SDCategory.m */; };
		75D2F3AA1F35B1A700A734F2 /* UIButton+SDCategory.m in Sources */ = {isa = PBXBuildFile; fileRef = 75D2F3961F35B1A700A734F2 /* UIButton+SDCategory.m */; };
		75D2F3AB1F35B1A700A734F2 /* UIColor+SDCategory.m in Sources */ = {isa = PBXBuildFile; fileRef = 75D2F3981F35B1A700A734F2 /* UIColor+SDCategory.m */; };
		75D2F3AC1F35B1A700A734F2 /* UIImage+SDCategory.m in Sources */ = {isa = PBXBuildFile; fileRef = 75D2F39A1F35B1A700A734F2 /* UIImage+SDCategory.m */; };
		75D2F3AE1F35B1A700A734F2 /* UILabel+SDCategory.m in Sources */ = {isa = PBXBuildFile; fileRef = 75D2F39E1F35B1A700A734F2 /* UILabel+SDCategory.m */; };
		75D2F3AF1F35B1A700A734F2 /* UITextField+SDCategory.m in Sources */ = {isa = PBXBuildFile; fileRef = 75D2F3A01F35B1A700A734F2 /* UITextField+SDCategory.m */; };
		75D2F3B01F35B1A700A734F2 /* UIView+SDCategory.m in Sources */ = {isa = PBXBuildFile; fileRef = 75D2F3A21F35B1A700A734F2 /* UIView+SDCategory.m */; };
		75D2F3B11F35B1A700A734F2 /* UIViewController+SDCategory.m in Sources */ = {isa = PBXBuildFile; fileRef = 75D2F3A41F35B1A700A734F2 /* UIViewController+SDCategory.m */; };
		75D2F3B21F35B1A700A734F2 /* UIWebView+SDCategory.m in Sources */ = {isa = PBXBuildFile; fileRef = 75D2F3A61F35B1A700A734F2 /* UIWebView+SDCategory.m */; };
		75F5E881228D0FF700BFB715 /* FHWSecretViewController.m in Sources */ = {isa = PBXBuildFile; fileRef = 75F5E859228D0FF700BFB715 /* FHWSecretViewController.m */; };
		75F5E882228D0FF700BFB715 /* FHWSettingManager.m in Sources */ = {isa = PBXBuildFile; fileRef = 75F5E85B228D0FF700BFB715 /* FHWSettingManager.m */; };
		75F5E883228D0FF700BFB715 /* LBXPermissionMicrophone.m in Sources */ = {isa = PBXBuildFile; fileRef = 75F5E85E228D0FF700BFB715 /* LBXPermissionMicrophone.m */; };
		75F5E884228D0FF700BFB715 /* LBXPermissionCalendar.m in Sources */ = {isa = PBXBuildFile; fileRef = 75F5E85F228D0FF700BFB715 /* LBXPermissionCalendar.m */; };
		75F5E885228D0FF700BFB715 /* LBXPermissionPhotos.m in Sources */ = {isa = PBXBuildFile; fileRef = 75F5E862228D0FF700BFB715 /* LBXPermissionPhotos.m */; };
		75F5E886228D0FF700BFB715 /* LBXPermissionLocation.m in Sources */ = {isa = PBXBuildFile; fileRef = 75F5E865228D0FF700BFB715 /* LBXPermissionLocation.m */; };
		75F5E887228D0FF700BFB715 /* LBXPermissionCamera.m in Sources */ = {isa = PBXBuildFile; fileRef = 75F5E866228D0FF700BFB715 /* LBXPermissionCamera.m */; };
		75F5E88A228D0FF700BFB715 /* FHWSecretModel.m in Sources */ = {isa = PBXBuildFile; fileRef = 75F5E86D228D0FF700BFB715 /* FHWSecretModel.m */; };
		75F5E88B228D0FF700BFB715 /* FHWSecretCell.m in Sources */ = {isa = PBXBuildFile; fileRef = 75F5E870228D0FF700BFB715 /* FHWSecretCell.m */; };
		75F5E892228D189B00BFB715 /* FHWBaseTableViewCell.m in Sources */ = {isa = PBXBuildFile; fileRef = 75F5E890228D189B00BFB715 /* FHWBaseTableViewCell.m */; };
		75F5E894228D25E000BFB715 /* 权限截图.jpg in Resources */ = {isa = PBXBuildFile; fileRef = 75F5E893228D25E000BFB715 /* 权限截图.jpg */; };
		FC12FD481F2F2F610012B633 /* main.m in Sources */ = {isa = PBXBuildFile; fileRef = FC12FD471F2F2F610012B633 /* main.m */; };
		FC12FD4B1F2F2F610012B633 /* AppDelegate.m in Sources */ = {isa = PBXBuildFile; fileRef = FC12FD4A1F2F2F610012B633 /* AppDelegate.m */; };
		FC12FD531F2F2F610012B633 /* Assets.xcassets in Resources */ = {isa = PBXBuildFile; fileRef = FC12FD521F2F2F610012B633 /* Assets.xcassets */; };
		FC12FD561F2F2F610012B633 /* LaunchScreen.storyboard in Resources */ = {isa = PBXBuildFile; fileRef = FC12FD541F2F2F610012B633 /* LaunchScreen.storyboard */; };
		FC50B54B1F387B3E00714738 /* BaseNavigationController.m in Sources */ = {isa = PBXBuildFile; fileRef = FC50B54A1F387B3E00714738 /* BaseNavigationController.m */; };
		FCA35DF7225DED97000BB40D /* UIImageView+SDCategory.m in Sources */ = {isa = PBXBuildFile; fileRef = FCA35DF6225DED97000BB40D /* UIImageView+SDCategory.m */; };
		FCA35DFA225DEE06000BB40D /* UIView+IMYFoundation.m in Sources */ = {isa = PBXBuildFile; fileRef = FCA35DF9225DEE06000BB40D /* UIView+IMYFoundation.m */; };
		FCA35DFD225DEE85000BB40D /* NSObject+IMYFoundation.m in Sources */ = {isa = PBXBuildFile; fileRef = FCA35DFC225DEE85000BB40D /* NSObject+IMYFoundation.m */; };
		FCA35E00225DEEAA000BB40D /* NSString+IMYFoundation.m in Sources */ = {isa = PBXBuildFile; fileRef = FCA35DFE225DEEAA000BB40D /* NSString+IMYFoundation.m */; };
		FCA35E03225DFB81000BB40D /* README.md in Resources */ = {isa = PBXBuildFile; fileRef = FCA35E02225DFB81000BB40D /* README.md */; };
		FCF6409C1F57984900F273CF /* BaseWebViewController.m in Sources */ = {isa = PBXBuildFile; fileRef = FCF6409B1F57984900F273CF /* BaseWebViewController.m */; };
/* End PBXBuildFile section */

/* Begin PBXFileReference section */
		3E8324FEE6F8EC7EE6863B5F /* Pods-SDLiveVideoStream.release.xcconfig */ = {isa = PBXFileReference; includeInIndex = 1; lastKnownFileType = text.xcconfig; name = "Pods-SDLiveVideoStream.release.xcconfig"; path = "Pods/Target Support Files/Pods-SDLiveVideoStream/Pods-SDLiveVideoStream.release.xcconfig"; sourceTree = "<group>"; };
		75BF87E31F36CA85000C91A6 /* BusinessConstant.h */ = {isa = PBXFileReference; fileEncoding = 4; lastKnownFileType = sourcecode.c.h; path = BusinessConstant.h; sourceTree = "<group>"; };
		75BF87E41F36CA85000C91A6 /* CommonConstant.h */ = {isa = PBXFileReference; fileEncoding = 4; lastKnownFileType = sourcecode.c.h; path = CommonConstant.h; sourceTree = "<group>"; };
		75BF87E51F36CA85000C91A6 /* DefineConstant.h */ = {isa = PBXFileReference; fileEncoding = 4; lastKnownFileType = sourcecode.c.h; path = DefineConstant.h; sourceTree = "<group>"; };
		75BF87E61F36CA85000C91A6 /* HeadConstant.h */ = {isa = PBXFileReference; fileEncoding = 4; lastKnownFileType = sourcecode.c.h; path = HeadConstant.h; sourceTree = "<group>"; };
		75BF87E71F36CA85000C91A6 /* NotifyConstant.h */ = {isa = PBXFileReference; fileEncoding = 4; lastKnownFileType = sourcecode.c.h; path = NotifyConstant.h; sourceTree = "<group>"; };
		75BF87E81F36CA85000C91A6 /* SystemConstant.h */ = {isa = PBXFileReference; fileEncoding = 4; lastKnownFileType = sourcecode.c.h; path = SystemConstant.h; sourceTree = "<group>"; };
		75BF87E91F36CA85000C91A6 /* TypeConstant.h */ = {isa = PBXFileReference; fileEncoding = 4; lastKnownFileType = sourcecode.c.h; path = TypeConstant.h; sourceTree = "<group>"; };
		75BF87EA1F36CA85000C91A6 /* WebConstant.h */ = {isa = PBXFileReference; fileEncoding = 4; lastKnownFileType = sourcecode.c.h; path = WebConstant.h; sourceTree = "<group>"; };
		75D2F3781F35AF0F00A734F2 /* BaseViewModel.h */ = {isa = PBXFileReference; fileEncoding = 4; lastKnownFileType = sourcecode.c.h; path = BaseViewModel.h; sourceTree = "<group>"; };
		75D2F3791F35AF0F00A734F2 /* BaseViewModel.m */ = {isa = PBXFileReference; fileEncoding = 4; lastKnownFileType = sourcecode.c.objc; path = BaseViewModel.m; sourceTree = "<group>"; };
		75D2F3861F35AF0F00A734F2 /* BaseViewController.h */ = {isa = PBXFileReference; fileEncoding = 4; lastKnownFileType = sourcecode.c.h; path = BaseViewController.h; sourceTree = "<group>"; };
		75D2F3871F35AF0F00A734F2 /* BaseViewController.m */ = {isa = PBXFileReference; fileEncoding = 4; lastKnownFileType = sourcecode.c.objc; path = BaseViewController.m; sourceTree = "<group>"; };
		75D2F38E1F35B1A700A734F2 /* HeadSDCategory.h */ = {isa = PBXFileReference; fileEncoding = 4; lastKnownFileType = sourcecode.c.h; path = HeadSDCategory.h; sourceTree = "<group>"; };
		75D2F38F1F35B1A700A734F2 /* NSData+SDCategory.h */ = {isa = PBXFileReference; fileEncoding = 4; lastKnownFileType = sourcecode.c.h; path = "NSData+SDCategory.h"; sourceTree = "<group>"; };
		75D2F3901F35B1A700A734F2 /* NSData+SDCategory.m */ = {isa = PBXFileReference; fileEncoding = 4; lastKnownFileType = sourcecode.c.objc; path = "NSData+SDCategory.m"; sourceTree = "<group>"; };
		75D2F3911F35B1A700A734F2 /* NSObject+SDCategory.h */ = {isa = PBXFileReference; fileEncoding = 4; lastKnownFileType = sourcecode.c.h; path = "NSObject+SDCategory.h"; sourceTree = "<group>"; };
		75D2F3921F35B1A700A734F2 /* NSObject+SDCategory.m */ = {isa = PBXFileReference; fileEncoding = 4; lastKnownFileType = sourcecode.c.objc; path = "NSObject+SDCategory.m"; sourceTree = "<group>"; };
		75D2F3931F35B1A700A734F2 /* NSString+SDCategory.h */ = {isa = PBXFileReference; fileEncoding = 4; lastKnownFileType = sourcecode.c.h; path = "NSString+SDCategory.h"; sourceTree = "<group>"; };
		75D2F3941F35B1A700A734F2 /* NSString+SDCategory.m */ = {isa = PBXFileReference; fileEncoding = 4; lastKnownFileType = sourcecode.c.objc; path = "NSString+SDCategory.m"; sourceTree = "<group>"; };
		75D2F3951F35B1A700A734F2 /* UIButton+SDCategory.h */ = {isa = PBXFileReference; fileEncoding = 4; lastKnownFileType = sourcecode.c.h; path = "UIButton+SDCategory.h"; sourceTree = "<group>"; };
		75D2F3961F35B1A700A734F2 /* UIButton+SDCategory.m */ = {isa = PBXFileReference; fileEncoding = 4; lastKnownFileType = sourcecode.c.objc; path = "UIButton+SDCategory.m"; sourceTree = "<group>"; };
		75D2F3971F35B1A700A734F2 /* UIColor+SDCategory.h */ = {isa = PBXFileReference; fileEncoding = 4; lastKnownFileType = sourcecode.c.h; path = "UIColor+SDCategory.h"; sourceTree = "<group>"; };
		75D2F3981F35B1A700A734F2 /* UIColor+SDCategory.m */ = {isa = PBXFileReference; fileEncoding = 4; lastKnownFileType = sourcecode.c.objc; path = "UIColor+SDCategory.m"; sourceTree = "<group>"; };
		75D2F3991F35B1A700A734F2 /* UIImage+SDCategory.h */ = {isa = PBXFileReference; fileEncoding = 4; lastKnownFileType = sourcecode.c.h; path = "UIImage+SDCategory.h"; sourceTree = "<group>"; };
		75D2F39A1F35B1A700A734F2 /* UIImage+SDCategory.m */ = {isa = PBXFileReference; fileEncoding = 4; lastKnownFileType = sourcecode.c.objc; path = "UIImage+SDCategory.m"; sourceTree = "<group>"; };
		75D2F39D1F35B1A700A734F2 /* UILabel+SDCategory.h */ = {isa = PBXFileReference; fileEncoding = 4; lastKnownFileType = sourcecode.c.h; path = "UILabel+SDCategory.h"; sourceTree = "<group>"; };
		75D2F39E1F35B1A700A734F2 /* UILabel+SDCategory.m */ = {isa = PBXFileReference; fileEncoding = 4; lastKnownFileType = sourcecode.c.objc; path = "UILabel+SDCategory.m"; sourceTree = "<group>"; };
		75D2F39F1F35B1A700A734F2 /* UITextField+SDCategory.h */ = {isa = PBXFileReference; fileEncoding = 4; lastKnownFileType = sourcecode.c.h; path = "UITextField+SDCategory.h"; sourceTree = "<group>"; };
		75D2F3A01F35B1A700A734F2 /* UITextField+SDCategory.m */ = {isa = PBXFileReference; fileEncoding = 4; lastKnownFileType = sourcecode.c.objc; path = "UITextField+SDCategory.m"; sourceTree = "<group>"; };
		75D2F3A11F35B1A700A734F2 /* UIView+SDCategory.h */ = {isa = PBXFileReference; fileEncoding = 4; lastKnownFileType = sourcecode.c.h; path = "UIView+SDCategory.h"; sourceTree = "<group>"; };
		75D2F3A21F35B1A700A734F2 /* UIView+SDCategory.m */ = {isa = PBXFileReference; fileEncoding = 4; lastKnownFileType = sourcecode.c.objc; path = "UIView+SDCategory.m"; sourceTree = "<group>"; };
		75D2F3A31F35B1A700A734F2 /* UIViewController+SDCategory.h */ = {isa = PBXFileReference; fileEncoding = 4; lastKnownFileType = sourcecode.c.h; path = "UIViewController+SDCategory.h"; sourceTree = "<group>"; };
		75D2F3A41F35B1A700A734F2 /* UIViewController+SDCategory.m */ = {isa = PBXFileReference; fileEncoding = 4; lastKnownFileType = sourcecode.c.objc; path = "UIViewController+SDCategory.m"; sourceTree = "<group>"; };
		75D2F3A51F35B1A700A734F2 /* UIWebView+SDCategory.h */ = {isa = PBXFileReference; fileEncoding = 4; lastKnownFileType = sourcecode.c.h; path = "UIWebView+SDCategory.h"; sourceTree = "<group>"; };
		75D2F3A61F35B1A700A734F2 /* UIWebView+SDCategory.m */ = {isa = PBXFileReference; fileEncoding = 4; lastKnownFileType = sourcecode.c.objc; path = "UIWebView+SDCategory.m"; sourceTree = "<group>"; };
		75D2F3B31F35B26900A734F2 /* SDLiveVideoStream-Prefix.pch */ = {isa = PBXFileReference; lastKnownFileType = sourcecode.c.h; path = "SDLiveVideoStream-Prefix.pch"; sourceTree = "<group>"; };
		75F5E858228D0FF700BFB715 /* FHWSecretViewController.h */ = {isa = PBXFileReference; fileEncoding = 4; lastKnownFileType = sourcecode.c.h; path = FHWSecretViewController.h; sourceTree = "<group>"; };
		75F5E859228D0FF700BFB715 /* FHWSecretViewController.m */ = {isa = PBXFileReference; fileEncoding = 4; lastKnownFileType = sourcecode.c.objc; path = FHWSecretViewController.m; sourceTree = "<group>"; };
		75F5E85B228D0FF700BFB715 /* FHWSettingManager.m */ = {isa = PBXFileReference; fileEncoding = 4; lastKnownFileType = sourcecode.c.objc; path = FHWSettingManager.m; sourceTree = "<group>"; };
		75F5E85C228D0FF700BFB715 /* FHWSettingManager.h */ = {isa = PBXFileReference; fileEncoding = 4; lastKnownFileType = sourcecode.c.h; path = FHWSettingManager.h; sourceTree = "<group>"; };
		75F5E85E228D0FF700BFB715 /* LBXPermissionMicrophone.m */ = {isa = PBXFileReference; fileEncoding = 4; lastKnownFileType = sourcecode.c.objc; path = LBXPermissionMicrophone.m; sourceTree = "<group>"; };
		75F5E85F228D0FF700BFB715 /* LBXPermissionCalendar.m */ = {isa = PBXFileReference; fileEncoding = 4; lastKnownFileType = sourcecode.c.objc; path = LBXPermissionCalendar.m; sourceTree = "<group>"; };
		75F5E860228D0FF700BFB715 /* LBXPermissionLocation.h */ = {isa = PBXFileReference; fileEncoding = 4; lastKnownFileType = sourcecode.c.h; path = LBXPermissionLocation.h; sourceTree = "<group>"; };
		75F5E861228D0FF700BFB715 /* LBXPermissionCamera.h */ = {isa = PBXFileReference; fileEncoding = 4; lastKnownFileType = sourcecode.c.h; path = LBXPermissionCamera.h; sourceTree = "<group>"; };
		75F5E862228D0FF700BFB715 /* LBXPermissionPhotos.m */ = {isa = PBXFileReference; fileEncoding = 4; lastKnownFileType = sourcecode.c.objc; path = LBXPermissionPhotos.m; sourceTree = "<group>"; };
		75F5E863228D0FF700BFB715 /* LBXPermissionCalendar.h */ = {isa = PBXFileReference; fileEncoding = 4; lastKnownFileType = sourcecode.c.h; path = LBXPermissionCalendar.h; sourceTree = "<group>"; };
		75F5E864228D0FF700BFB715 /* LBXPermissionMicrophone.h */ = {isa = PBXFileReference; fileEncoding = 4; lastKnownFileType = sourcecode.c.h; path = LBXPermissionMicrophone.h; sourceTree = "<group>"; };
		75F5E865228D0FF700BFB715 /* LBXPermissionLocation.m */ = {isa = PBXFileReference; fileEncoding = 4; lastKnownFileType = sourcecode.c.objc; path = LBXPermissionLocation.m; sourceTree = "<group>"; };
		75F5E866228D0FF700BFB715 /* LBXPermissionCamera.m */ = {isa = PBXFileReference; fileEncoding = 4; lastKnownFileType = sourcecode.c.objc; path = LBXPermissionCamera.m; sourceTree = "<group>"; };
		75F5E867228D0FF700BFB715 /* LBXPermissionPhotos.h */ = {isa = PBXFileReference; fileEncoding = 4; lastKnownFileType = sourcecode.c.h; path = LBXPermissionPhotos.h; sourceTree = "<group>"; };
		75F5E86C228D0FF700BFB715 /* FHWSecretModel.h */ = {isa = PBXFileReference; fileEncoding = 4; lastKnownFileType = sourcecode.c.h; path = FHWSecretModel.h; sourceTree = "<group>"; };
		75F5E86D228D0FF700BFB715 /* FHWSecretModel.m */ = {isa = PBXFileReference; fileEncoding = 4; lastKnownFileType = sourcecode.c.objc; path = FHWSecretModel.m; sourceTree = "<group>"; };
		75F5E86F228D0FF700BFB715 /* FHWSecretCell.h */ = {isa = PBXFileReference; fileEncoding = 4; lastKnownFileType = sourcecode.c.h; path = FHWSecretCell.h; sourceTree = "<group>"; };
		75F5E870228D0FF700BFB715 /* FHWSecretCell.m */ = {isa = PBXFileReference; fileEncoding = 4; lastKnownFileType = sourcecode.c.objc; path = FHWSecretCell.m; sourceTree = "<group>"; };
		75F5E890228D189B00BFB715 /* FHWBaseTableViewCell.m */ = {isa = PBXFileReference; fileEncoding = 4; lastKnownFileType = sourcecode.c.objc; path = FHWBaseTableViewCell.m; sourceTree = "<group>"; };
		75F5E891228D189B00BFB715 /* FHWBaseTableViewCell.h */ = {isa = PBXFileReference; fileEncoding = 4; lastKnownFileType = sourcecode.c.h; path = FHWBaseTableViewCell.h; sourceTree = "<group>"; };
		75F5E893228D25E000BFB715 /* 权限截图.jpg */ = {isa = PBXFileReference; lastKnownFileType = image.jpeg; path = "权限截图.jpg"; sourceTree = "<group>"; };
		7A66E5A9A66C823485C1D7B6 /* Pods-SDLiveVideoStream.debug.xcconfig */ = {isa = PBXFileReference; includeInIndex = 1; lastKnownFileType = text.xcconfig; name = "Pods-SDLiveVideoStream.debug.xcconfig"; path = "Pods/Target Support Files/Pods-SDLiveVideoStream/Pods-SDLiveVideoStream.debug.xcconfig"; sourceTree = "<group>"; };
		9247ADC3A36C962B601EA65D /* libPods-SDLiveVideoStream.a */ = {isa = PBXFileReference; explicitFileType = archive.ar; includeInIndex = 0; path = "libPods-SDLiveVideoStream.a"; sourceTree = BUILT_PRODUCTS_DIR; };
		FC12FD431F2F2F610012B633 /* SDLiveVideoStream.app */ = {isa = PBXFileReference; explicitFileType = wrapper.application; includeInIndex = 0; path = SDLiveVideoStream.app; sourceTree = BUILT_PRODUCTS_DIR; };
		FC12FD471F2F2F610012B633 /* main.m */ = {isa = PBXFileReference; lastKnownFileType = sourcecode.c.objc; path = main.m; sourceTree = "<group>"; };
		FC12FD491F2F2F610012B633 /* AppDelegate.h */ = {isa = PBXFileReference; lastKnownFileType = sourcecode.c.h; path = AppDelegate.h; sourceTree = "<group>"; };
		FC12FD4A1F2F2F610012B633 /* AppDelegate.m */ = {isa = PBXFileReference; lastKnownFileType = sourcecode.c.objc; path = AppDelegate.m; sourceTree = "<group>"; };
		FC12FD521F2F2F610012B633 /* Assets.xcassets */ = {isa = PBXFileReference; lastKnownFileType = folder.assetcatalog; path = Assets.xcassets; sourceTree = "<group>"; };
		FC12FD551F2F2F610012B633 /* Base */ = {isa = PBXFileReference; lastKnownFileType = file.storyboard; name = Base; path = Base.lproj/LaunchScreen.storyboard; sourceTree = "<group>"; };
		FC12FD571F2F2F610012B633 /* Info.plist */ = {isa = PBXFileReference; lastKnownFileType = text.plist.xml; path = Info.plist; sourceTree = "<group>"; };
		FC50B5491F387B3E00714738 /* BaseNavigationController.h */ = {isa = PBXFileReference; fileEncoding = 4; lastKnownFileType = sourcecode.c.h; path = BaseNavigationController.h; sourceTree = "<group>"; };
		FC50B54A1F387B3E00714738 /* BaseNavigationController.m */ = {isa = PBXFileReference; fileEncoding = 4; lastKnownFileType = sourcecode.c.objc; path = BaseNavigationController.m; sourceTree = "<group>"; };
		FCA35DF5225DED97000BB40D /* UIImageView+SDCategory.h */ = {isa = PBXFileReference; fileEncoding = 4; lastKnownFileType = sourcecode.c.h; path = "UIImageView+SDCategory.h"; sourceTree = "<group>"; };
		FCA35DF6225DED97000BB40D /* UIImageView+SDCategory.m */ = {isa = PBXFileReference; fileEncoding = 4; lastKnownFileType = sourcecode.c.objc; path = "UIImageView+SDCategory.m"; sourceTree = "<group>"; };
		FCA35DF8225DEE06000BB40D /* UIView+IMYFoundation.h */ = {isa = PBXFileReference; fileEncoding = 4; lastKnownFileType = sourcecode.c.h; path = "UIView+IMYFoundation.h"; sourceTree = "<group>"; };
		FCA35DF9225DEE06000BB40D /* UIView+IMYFoundation.m */ = {isa = PBXFileReference; fileEncoding = 4; lastKnownFileType = sourcecode.c.objc; path = "UIView+IMYFoundation.m"; sourceTree = "<group>"; };
		FCA35DFB225DEE85000BB40D /* NSObject+IMYFoundation.h */ = {isa = PBXFileReference; fileEncoding = 4; lastKnownFileType = sourcecode.c.h; path = "NSObject+IMYFoundation.h"; sourceTree = "<group>"; };
		FCA35DFC225DEE85000BB40D /* NSObject+IMYFoundation.m */ = {isa = PBXFileReference; fileEncoding = 4; lastKnownFileType = sourcecode.c.objc; path = "NSObject+IMYFoundation.m"; sourceTree = "<group>"; };
		FCA35DFE225DEEAA000BB40D /* NSString+IMYFoundation.m */ = {isa = PBXFileReference; fileEncoding = 4; lastKnownFileType = sourcecode.c.objc; path = "NSString+IMYFoundation.m"; sourceTree = "<group>"; };
		FCA35DFF225DEEAA000BB40D /* NSString+IMYFoundation.h */ = {isa = PBXFileReference; fileEncoding = 4; lastKnownFileType = sourcecode.c.h; path = "NSString+IMYFoundation.h"; sourceTree = "<group>"; };
		FCA35E02225DFB81000BB40D /* README.md */ = {isa = PBXFileReference; fileEncoding = 4; lastKnownFileType = net.daringfireball.markdown; path = README.md; sourceTree = SOURCE_ROOT; };
		FCF6409A1F57984900F273CF /* BaseWebViewController.h */ = {isa = PBXFileReference; fileEncoding = 4; lastKnownFileType = sourcecode.c.h; name = BaseWebViewController.h; path = SDLiveVideoStream/genternal/Base/ViewController/BaseWebViewController.h; sourceTree = SOURCE_ROOT; };
		FCF6409B1F57984900F273CF /* BaseWebViewController.m */ = {isa = PBXFileReference; fileEncoding = 4; lastKnownFileType = sourcecode.c.objc; name = BaseWebViewController.m; path = SDLiveVideoStream/genternal/Base/ViewController/BaseWebViewController.m; sourceTree = SOURCE_ROOT; };
/* End PBXFileReference section */

/* Begin PBXFrameworksBuildPhase section */
		FC12FD401F2F2F610012B633 /* Frameworks */ = {
			isa = PBXFrameworksBuildPhase;
			buildActionMask = 2147483647;
			files = (
				63DC76349FD597391BDCE4B6 /* libPods-SDLiveVideoStream.a in Frameworks */,
			);
			runOnlyForDeploymentPostprocessing = 0;
		};
/* End PBXFrameworksBuildPhase section */

/* Begin PBXGroup section */
		7525D0641F35A1D200C221DB /* Genternal */ = {
			isa = PBXGroup;
			children = (
				75D2F3761F35AF0F00A734F2 /* Base */,
				75BF87E21F36CA85000C91A6 /* Macro */,
				7525D0711F35A1D200C221DB /* Category */,
			);
			path = Genternal;
			sourceTree = "<group>";
		};
		7525D0711F35A1D200C221DB /* Category */ = {
			isa = PBXGroup;
			children = (
				FCA35E01225DEEAF000BB40D /* Foundation */,
				75D2F38E1F35B1A700A734F2 /* HeadSDCategory.h */,
				FCA35DF5225DED97000BB40D /* UIImageView+SDCategory.h */,
				FCA35DF6225DED97000BB40D /* UIImageView+SDCategory.m */,
				75D2F38F1F35B1A700A734F2 /* NSData+SDCategory.h */,
				75D2F3901F35B1A700A734F2 /* NSData+SDCategory.m */,
				75D2F3911F35B1A700A734F2 /* NSObject+SDCategory.h */,
				75D2F3921F35B1A700A734F2 /* NSObject+SDCategory.m */,
				75D2F3931F35B1A700A734F2 /* NSString+SDCategory.h */,
				75D2F3941F35B1A700A734F2 /* NSString+SDCategory.m */,
				75D2F3951F35B1A700A734F2 /* UIButton+SDCategory.h */,
				75D2F3961F35B1A700A734F2 /* UIButton+SDCategory.m */,
				75D2F3971F35B1A700A734F2 /* UIColor+SDCategory.h */,
				75D2F3981F35B1A700A734F2 /* UIColor+SDCategory.m */,
				75D2F3991F35B1A700A734F2 /* UIImage+SDCategory.h */,
				75D2F39A1F35B1A700A734F2 /* UIImage+SDCategory.m */,
				75D2F39D1F35B1A700A734F2 /* UILabel+SDCategory.h */,
				75D2F39E1F35B1A700A734F2 /* UILabel+SDCategory.m */,
				75D2F39F1F35B1A700A734F2 /* UITextField+SDCategory.h */,
				75D2F3A01F35B1A700A734F2 /* UITextField+SDCategory.m */,
				75D2F3A11F35B1A700A734F2 /* UIView+SDCategory.h */,
				75D2F3A21F35B1A700A734F2 /* UIView+SDCategory.m */,
				75D2F3A31F35B1A700A734F2 /* UIViewController+SDCategory.h */,
				75D2F3A41F35B1A700A734F2 /* UIViewController+SDCategory.m */,
				75D2F3A51F35B1A700A734F2 /* UIWebView+SDCategory.h */,
				75D2F3A61F35B1A700A734F2 /* UIWebView+SDCategory.m */,
			);
			path = Category;
			sourceTree = "<group>";
		};
		75BF87E21F36CA85000C91A6 /* Macro */ = {
			isa = PBXGroup;
			children = (
				75BF87E31F36CA85000C91A6 /* BusinessConstant.h */,
				75BF87E41F36CA85000C91A6 /* CommonConstant.h */,
				75BF87E51F36CA85000C91A6 /* DefineConstant.h */,
				75BF87E61F36CA85000C91A6 /* HeadConstant.h */,
				75BF87E71F36CA85000C91A6 /* NotifyConstant.h */,
				75BF87E81F36CA85000C91A6 /* SystemConstant.h */,
				75BF87E91F36CA85000C91A6 /* TypeConstant.h */,
				75BF87EA1F36CA85000C91A6 /* WebConstant.h */,
			);
			path = Macro;
			sourceTree = "<group>";
		};
		75D2F3761F35AF0F00A734F2 /* Base */ = {
			isa = PBXGroup;
			children = (
				75F5E88E228D11AF00BFB715 /* View */,
				75D2F3771F35AF0F00A734F2 /* Model */,
				75D2F3831F35AF0F00A734F2 /* ViewController */,
			);
			path = Base;
			sourceTree = "<group>";
		};
		75D2F3771F35AF0F00A734F2 /* Model */ = {
			isa = PBXGroup;
			children = (
				75D2F3781F35AF0F00A734F2 /* BaseViewModel.h */,
				75D2F3791F35AF0F00A734F2 /* BaseViewModel.m */,
			);
			path = Model;
			sourceTree = "<group>";
		};
		75D2F3831F35AF0F00A734F2 /* ViewController */ = {
			isa = PBXGroup;
			children = (
				FC50B5491F387B3E00714738 /* BaseNavigationController.h */,
				FC50B54A1F387B3E00714738 /* BaseNavigationController.m */,
				75D2F3861F35AF0F00A734F2 /* BaseViewController.h */,
				75D2F3871F35AF0F00A734F2 /* BaseViewController.m */,
				FCF6409A1F57984900F273CF /* BaseWebViewController.h */,
				FCF6409B1F57984900F273CF /* BaseWebViewController.m */,
			);
			path = ViewController;
			sourceTree = "<group>";
		};
		75F5E848228D0FF700BFB715 /* Setting */ = {
			isa = PBXGroup;
			children = (
				75F5E857228D0FF700BFB715 /* Controller */,
				75F5E85A228D0FF700BFB715 /* Manager */,
				75F5E86B228D0FF700BFB715 /* Model */,
				75F5E86E228D0FF700BFB715 /* View */,
				75F5E84A228D0FF700BFB715 /* ViewModel */,
			);
			path = Setting;
			sourceTree = "<group>";
		};
		75F5E84A228D0FF700BFB715 /* ViewModel */ = {
			isa = PBXGroup;
			children = (
			);
			path = ViewModel;
			sourceTree = "<group>";
		};
		75F5E857228D0FF700BFB715 /* Controller */ = {
			isa = PBXGroup;
			children = (
				75F5E858228D0FF700BFB715 /* FHWSecretViewController.h */,
				75F5E859228D0FF700BFB715 /* FHWSecretViewController.m */,
			);
			path = Controller;
			sourceTree = "<group>";
		};
		75F5E85A228D0FF700BFB715 /* Manager */ = {
			isa = PBXGroup;
			children = (
				75F5E85B228D0FF700BFB715 /* FHWSettingManager.m */,
				75F5E85C228D0FF700BFB715 /* FHWSettingManager.h */,
				75F5E85D228D0FF700BFB715 /* Permission */,
			);
			path = Manager;
			sourceTree = "<group>";
		};
		75F5E85D228D0FF700BFB715 /* Permission */ = {
			isa = PBXGroup;
			children = (
				75F5E85E228D0FF700BFB715 /* LBXPermissionMicrophone.m */,
				75F5E85F228D0FF700BFB715 /* LBXPermissionCalendar.m */,
				75F5E860228D0FF700BFB715 /* LBXPermissionLocation.h */,
				75F5E861228D0FF700BFB715 /* LBXPermissionCamera.h */,
				75F5E862228D0FF700BFB715 /* LBXPermissionPhotos.m */,
				75F5E863228D0FF700BFB715 /* LBXPermissionCalendar.h */,
				75F5E864228D0FF700BFB715 /* LBXPermissionMicrophone.h */,
				75F5E865228D0FF700BFB715 /* LBXPermissionLocation.m */,
				75F5E866228D0FF700BFB715 /* LBXPermissionCamera.m */,
				75F5E867228D0FF700BFB715 /* LBXPermissionPhotos.h */,
			);
			path = Permission;
			sourceTree = "<group>";
		};
		75F5E86B228D0FF700BFB715 /* Model */ = {
			isa = PBXGroup;
			children = (
				75F5E86C228D0FF700BFB715 /* FHWSecretModel.h */,
				75F5E86D228D0FF700BFB715 /* FHWSecretModel.m */,
			);
			path = Model;
			sourceTree = "<group>";
		};
		75F5E86E228D0FF700BFB715 /* View */ = {
			isa = PBXGroup;
			children = (
				75F5E86F228D0FF700BFB715 /* FHWSecretCell.h */,
				75F5E870228D0FF700BFB715 /* FHWSecretCell.m */,
			);
			path = View;
			sourceTree = "<group>";
		};
		75F5E88E228D11AF00BFB715 /* View */ = {
			isa = PBXGroup;
			children = (
				75F5E891228D189B00BFB715 /* FHWBaseTableViewCell.h */,
				75F5E890228D189B00BFB715 /* FHWBaseTableViewCell.m */,
			);
			path = View;
			sourceTree = "<group>";
		};
		A8F043C7490BA45BF64A7DE2 /* Pods */ = {
			isa = PBXGroup;
			children = (
				7A66E5A9A66C823485C1D7B6 /* Pods-SDLiveVideoStream.debug.xcconfig */,
				3E8324FEE6F8EC7EE6863B5F /* Pods-SDLiveVideoStream.release.xcconfig */,
			);
			name = Pods;
			sourceTree = "<group>";
		};
		EBB93B6A59D67D93A2867DDF /* Frameworks */ = {
			isa = PBXGroup;
			children = (
				9247ADC3A36C962B601EA65D /* libPods-SDLiveVideoStream.a */,
			);
			name = Frameworks;
			sourceTree = "<group>";
		};
		FC12FD3A1F2F2F610012B633 = {
			isa = PBXGroup;
			children = (
				FC12FD451F2F2F610012B633 /* SDLiveVideoStream */,
				FC12FD441F2F2F610012B633 /* Products */,
				A8F043C7490BA45BF64A7DE2 /* Pods */,
				EBB93B6A59D67D93A2867DDF /* Frameworks */,
			);
			sourceTree = "<group>";
		};
		FC12FD441F2F2F610012B633 /* Products */ = {
			isa = PBXGroup;
			children = (
				FC12FD431F2F2F610012B633 /* SDLiveVideoStream.app */,
			);
			name = Products;
			sourceTree = "<group>";
		};
		FC12FD451F2F2F610012B633 /* SDLiveVideoStream */ = {
			isa = PBXGroup;
			children = (
				75F5E893228D25E000BFB715 /* 权限截图.jpg */,
				FCA35E02225DFB81000BB40D /* README.md */,
				75F5E848228D0FF700BFB715 /* Setting */,
				7525D0641F35A1D200C221DB /* Genternal */,
				FC12FD491F2F2F610012B633 /* AppDelegate.h */,
				FC12FD4A1F2F2F610012B633 /* AppDelegate.m */,
				FC12FD521F2F2F610012B633 /* Assets.xcassets */,
				FC12FD541F2F2F610012B633 /* LaunchScreen.storyboard */,
				FC12FD571F2F2F610012B633 /* Info.plist */,
				FC12FD461F2F2F610012B633 /* Supporting Files */,
			);
			path = SDLiveVideoStream;
			sourceTree = "<group>";
		};
		FC12FD461F2F2F610012B633 /* Supporting Files */ = {
			isa = PBXGroup;
			children = (
				FC12FD471F2F2F610012B633 /* main.m */,
				75D2F3B31F35B26900A734F2 /* SDLiveVideoStream-Prefix.pch */,
			);
			name = "Supporting Files";
			sourceTree = "<group>";
		};
		FCA35E01225DEEAF000BB40D /* Foundation */ = {
			isa = PBXGroup;
			children = (
				FCA35DFF225DEEAA000BB40D /* NSString+IMYFoundation.h */,
				FCA35DFE225DEEAA000BB40D /* NSString+IMYFoundation.m */,
				FCA35DF8225DEE06000BB40D /* UIView+IMYFoundation.h */,
				FCA35DF9225DEE06000BB40D /* UIView+IMYFoundation.m */,
				FCA35DFB225DEE85000BB40D /* NSObject+IMYFoundation.h */,
				FCA35DFC225DEE85000BB40D /* NSObject+IMYFoundation.m */,
			);
			path = Foundation;
			sourceTree = "<group>";
		};
/* End PBXGroup section */

/* Begin PBXNativeTarget section */
		FC12FD421F2F2F610012B633 /* SDLiveVideoStream */ = {
			isa = PBXNativeTarget;
			buildConfigurationList = FC12FD5A1F2F2F610012B633 /* Build configuration list for PBXNativeTarget "SDLiveVideoStream" */;
			buildPhases = (
				ACAE918EC1040032EFB03772 /* [CP] Check Pods Manifest.lock */,
				FC12FD3F1F2F2F610012B633 /* Sources */,
				FC12FD401F2F2F610012B633 /* Frameworks */,
				FC12FD411F2F2F610012B633 /* Resources */,
				462C58758E394A30B99C8E0C /* [CP] Copy Pods Resources */,
			);
			buildRules = (
			);
			dependencies = (
			);
			name = SDLiveVideoStream;
			productName = SDLiveVideoStream;
			productReference = FC12FD431F2F2F610012B633 /* SDLiveVideoStream.app */;
			productType = "com.apple.product-type.application";
		};
/* End PBXNativeTarget section */

/* Begin PBXProject section */
		FC12FD3B1F2F2F610012B633 /* Project object */ = {
			isa = PBXProject;
			attributes = {
				LastUpgradeCheck = 1020;
				ORGANIZATIONNAME = suzq;
				TargetAttributes = {
					FC12FD421F2F2F610012B633 = {
						CreatedOnToolsVersion = 8.3.3;
						DevelopmentTeam = Y64A2B5MWJ;
						ProvisioningStyle = Automatic;
					};
				};
			};
			buildConfigurationList = FC12FD3E1F2F2F610012B633 /* Build configuration list for PBXProject "SDLiveVideoStream" */;
			compatibilityVersion = "Xcode 3.2";
			developmentRegion = en;
			hasScannedForEncodings = 0;
			knownRegions = (
				en,
				Base,
			);
			mainGroup = FC12FD3A1F2F2F610012B633;
			productRefGroup = FC12FD441F2F2F610012B633 /* Products */;
			projectDirPath = "";
			projectRoot = "";
			targets = (
				FC12FD421F2F2F610012B633 /* SDLiveVideoStream */,
			);
		};
/* End PBXProject section */

/* Begin PBXResourcesBuildPhase section */
		FC12FD411F2F2F610012B633 /* Resources */ = {
			isa = PBXResourcesBuildPhase;
			buildActionMask = 2147483647;
			files = (
				FCA35E03225DFB81000BB40D /* README.md in Resources */,
				FC12FD561F2F2F610012B633 /* LaunchScreen.storyboard in Resources */,
				75F5E894228D25E000BFB715 /* 权限截图.jpg in Resources */,
				FC12FD531F2F2F610012B633 /* Assets.xcassets in Resources */,
			);
			runOnlyForDeploymentPostprocessing = 0;
		};
/* End PBXResourcesBuildPhase section */

/* Begin PBXShellScriptBuildPhase section */
		462C58758E394A30B99C8E0C /* [CP] Copy Pods Resources */ = {
			isa = PBXShellScriptBuildPhase;
			buildActionMask = 2147483647;
			files = (
			);
			inputFileListPaths = (
			);
			inputPaths = (
				"${PODS_ROOT}/Target Support Files/Pods-SDLiveVideoStream/Pods-SDLiveVideoStream-resources.sh",
				"${PODS_ROOT}/SVWebViewController/SVWebViewController/SVWebViewController.bundle/SVWebViewControllerBack.png",
				"${PODS_ROOT}/SVWebViewController/SVWebViewController/SVWebViewController.bundle/SVWebViewControllerBack@2x.png",
				"${PODS_ROOT}/SVWebViewController/SVWebViewController/SVWebViewController.bundle/SVWebViewControllerNext.png",
				"${PODS_ROOT}/SVWebViewController/SVWebViewController/SVWebViewController.bundle/SVWebViewControllerNext@2x.png",
				"${PODS_ROOT}/SVWebViewController/SVWebViewController/UIActivities/Chrome/SVWebViewControllerActivityChrome-iPad.png",
				"${PODS_ROOT}/SVWebViewController/SVWebViewController/UIActivities/Chrome/SVWebViewControllerActivityChrome-iPad@2x.png",
				"${PODS_ROOT}/SVWebViewController/SVWebViewController/UIActivities/Chrome/SVWebViewControllerActivityChrome@2x.png",
				"${PODS_ROOT}/SVWebViewController/SVWebViewController/UIActivities/Safari/SVWebViewControllerActivitySafari-iPad.png",
				"${PODS_ROOT}/SVWebViewController/SVWebViewController/UIActivities/Safari/SVWebViewControllerActivitySafari-iPad@2x.png",
				"${PODS_ROOT}/SVWebViewController/SVWebViewController/UIActivities/Safari/SVWebViewControllerActivitySafari@2x.png",
				"${PODS_ROOT}/SVWebViewController/SVWebViewController/SVWebViewController.bundle",
			);
			name = "[CP] Copy Pods Resources";
			outputFileListPaths = (
			);
			outputPaths = (
				"${TARGET_BUILD_DIR}/${UNLOCALIZED_RESOURCES_FOLDER_PATH}/SVWebViewControllerBack.png",
				"${TARGET_BUILD_DIR}/${UNLOCALIZED_RESOURCES_FOLDER_PATH}/SVWebViewControllerBack@2x.png",
				"${TARGET_BUILD_DIR}/${UNLOCALIZED_RESOURCES_FOLDER_PATH}/SVWebViewControllerNext.png",
				"${TARGET_BUILD_DIR}/${UNLOCALIZED_RESOURCES_FOLDER_PATH}/SVWebViewControllerNext@2x.png",
				"${TARGET_BUILD_DIR}/${UNLOCALIZED_RESOURCES_FOLDER_PATH}/SVWebViewControllerActivityChrome-iPad.png",
				"${TARGET_BUILD_DIR}/${UNLOCALIZED_RESOURCES_FOLDER_PATH}/SVWebViewControllerActivityChrome-iPad@2x.png",
				"${TARGET_BUILD_DIR}/${UNLOCALIZED_RESOURCES_FOLDER_PATH}/SVWebViewControllerActivityChrome@2x.png",
				"${TARGET_BUILD_DIR}/${UNLOCALIZED_RESOURCES_FOLDER_PATH}/SVWebViewControllerActivitySafari-iPad.png",
				"${TARGET_BUILD_DIR}/${UNLOCALIZED_RESOURCES_FOLDER_PATH}/SVWebViewControllerActivitySafari-iPad@2x.png",
				"${TARGET_BUILD_DIR}/${UNLOCALIZED_RESOURCES_FOLDER_PATH}/SVWebViewControllerActivitySafari@2x.png",
				"${TARGET_BUILD_DIR}/${UNLOCALIZED_RESOURCES_FOLDER_PATH}/SVWebViewController.bundle",
			);
			runOnlyForDeploymentPostprocessing = 0;
			shellPath = /bin/sh;
			shellScript = "\"${PODS_ROOT}/Target Support Files/Pods-SDLiveVideoStream/Pods-SDLiveVideoStream-resources.sh\"\n";
			showEnvVarsInLog = 0;
		};
		ACAE918EC1040032EFB03772 /* [CP] Check Pods Manifest.lock */ = {
			isa = PBXShellScriptBuildPhase;
			buildActionMask = 2147483647;
			files = (
			);
			inputPaths = (
				"${PODS_PODFILE_DIR_PATH}/Podfile.lock",
				"${PODS_ROOT}/Manifest.lock",
			);
			name = "[CP] Check Pods Manifest.lock";
			outputPaths = (
				"$(DERIVED_FILE_DIR)/Pods-SDLiveVideoStream-checkManifestLockResult.txt",
			);
			runOnlyForDeploymentPostprocessing = 0;
			shellPath = /bin/sh;
			shellScript = "diff \"${PODS_PODFILE_DIR_PATH}/Podfile.lock\" \"${PODS_ROOT}/Manifest.lock\" > /dev/null\nif [ $? != 0 ] ; then\n    # print error to STDERR\n    echo \"error: The sandbox is not in sync with the Podfile.lock. Run 'pod install' or update your CocoaPods installation.\" >&2\n    exit 1\nfi\n# This output is used by Xcode 'outputs' to avoid re-running this script phase.\necho \"SUCCESS\" > \"${SCRIPT_OUTPUT_FILE_0}\"\n";
			showEnvVarsInLog = 0;
		};
/* End PBXShellScriptBuildPhase section */

/* Begin PBXSourcesBuildPhase section */
		FC12FD3F1F2F2F610012B633 /* Sources */ = {
			isa = PBXSourcesBuildPhase;
			buildActionMask = 2147483647;
			files = (
				75D2F3AC1F35B1A700A734F2 /* UIImage+SDCategory.m in Sources */,
				75F5E881228D0FF700BFB715 /* FHWSecretViewController.m in Sources */,
				FCF6409C1F57984900F273CF /* BaseWebViewController.m in Sources */,
				75D2F3A81F35B1A700A734F2 /* NSObject+SDCategory.m in Sources */,
				75F5E883228D0FF700BFB715 /* LBXPermissionMicrophone.m in Sources */,
				FCA35DF7225DED97000BB40D /* UIImageView+SDCategory.m in Sources */,
				FCA35DFA225DEE06000BB40D /* UIView+IMYFoundation.m in Sources */,
				75F5E884228D0FF700BFB715 /* LBXPermissionCalendar.m in Sources */,
				75D2F3AA1F35B1A700A734F2 /* UIButton+SDCategory.m in Sources */,
				75D2F3AE1F35B1A700A734F2 /* UILabel+SDCategory.m in Sources */,
				75D2F38D1F35AF0F00A734F2 /* BaseViewController.m in Sources */,
				75D2F3B11F35B1A700A734F2 /* UIViewController+SDCategory.m in Sources */,
				75F5E892228D189B00BFB715 /* FHWBaseTableViewCell.m in Sources */,
				75F5E88B228D0FF700BFB715 /* FHWSecretCell.m in Sources */,
				75D2F3A91F35B1A700A734F2 /* NSString+SDCategory.m in Sources */,
				75F5E886228D0FF700BFB715 /* LBXPermissionLocation.m in Sources */,
				FCA35E00225DEEAA000BB40D /* NSString+IMYFoundation.m in Sources */,
				FC12FD4B1F2F2F610012B633 /* AppDelegate.m in Sources */,
				75F5E885228D0FF700BFB715 /* LBXPermissionPhotos.m in Sources */,
				75F5E88A228D0FF700BFB715 /* FHWSecretModel.m in Sources */,
				75D2F3A71F35B1A700A734F2 /* NSData+SDCategory.m in Sources */,
				75D2F3B21F35B1A700A734F2 /* UIWebView+SDCategory.m in Sources */,
				75D2F3AB1F35B1A700A734F2 /* UIColor+SDCategory.m in Sources */,
				75F5E882228D0FF700BFB715 /* FHWSettingManager.m in Sources */,
				FC12FD481F2F2F610012B633 /* main.m in Sources */,
				75D2F3B01F35B1A700A734F2 /* UIView+SDCategory.m in Sources */,
				FCA35DFD225DEE85000BB40D /* NSObject+IMYFoundation.m in Sources */,
				75D2F3AF1F35B1A700A734F2 /* UITextField+SDCategory.m in Sources */,
				75D2F3881F35AF0F00A734F2 /* BaseViewModel.m in Sources */,
				75F5E887228D0FF700BFB715 /* LBXPermissionCamera.m in Sources */,
				FC50B54B1F387B3E00714738 /* BaseNavigationController.m in Sources */,
			);
			runOnlyForDeploymentPostprocessing = 0;
		};
/* End PBXSourcesBuildPhase section */

/* Begin PBXVariantGroup section */
		FC12FD541F2F2F610012B633 /* LaunchScreen.storyboard */ = {
			isa = PBXVariantGroup;
			children = (
				FC12FD551F2F2F610012B633 /* Base */,
			);
			name = LaunchScreen.storyboard;
			sourceTree = "<group>";
		};
/* End PBXVariantGroup section */

/* Begin XCBuildConfiguration section */
		FC12FD581F2F2F610012B633 /* Debug */ = {
			isa = XCBuildConfiguration;
			buildSettings = {
				ALWAYS_SEARCH_USER_PATHS = NO;
				CLANG_ANALYZER_LOCALIZABILITY_NONLOCALIZED = YES;
				CLANG_ANALYZER_NONNULL = YES;
				CLANG_ANALYZER_NUMBER_OBJECT_CONVERSION = YES_AGGRESSIVE;
				CLANG_CXX_LANGUAGE_STANDARD = "gnu++0x";
				CLANG_CXX_LIBRARY = "libc++";
				CLANG_ENABLE_MODULES = YES;
				CLANG_ENABLE_OBJC_ARC = YES;
				CLANG_WARN_BLOCK_CAPTURE_AUTORELEASING = YES;
				CLANG_WARN_BOOL_CONVERSION = YES;
				CLANG_WARN_COMMA = YES;
				CLANG_WARN_CONSTANT_CONVERSION = YES;
				CLANG_WARN_DEPRECATED_OBJC_IMPLEMENTATIONS = YES;
				CLANG_WARN_DIRECT_OBJC_ISA_USAGE = YES_ERROR;
				CLANG_WARN_DOCUMENTATION_COMMENTS = YES;
				CLANG_WARN_EMPTY_BODY = YES;
				CLANG_WARN_ENUM_CONVERSION = YES;
				CLANG_WARN_INFINITE_RECURSION = YES;
				CLANG_WARN_INT_CONVERSION = YES;
				CLANG_WARN_NON_LITERAL_NULL_CONVERSION = YES;
				CLANG_WARN_OBJC_IMPLICIT_RETAIN_SELF = YES;
				CLANG_WARN_OBJC_LITERAL_CONVERSION = YES;
				CLANG_WARN_OBJC_ROOT_CLASS = YES_ERROR;
				CLANG_WARN_RANGE_LOOP_ANALYSIS = YES;
				CLANG_WARN_STRICT_PROTOTYPES = YES;
				CLANG_WARN_SUSPICIOUS_MOVE = YES;
				CLANG_WARN_UNREACHABLE_CODE = YES;
				CLANG_WARN__DUPLICATE_METHOD_MATCH = YES;
				"CODE_SIGN_IDENTITY[sdk=iphoneos*]" = "iPhone Developer";
				COPY_PHASE_STRIP = NO;
				DEBUG_INFORMATION_FORMAT = dwarf;
				ENABLE_STRICT_OBJC_MSGSEND = YES;
				ENABLE_TESTABILITY = YES;
				GCC_C_LANGUAGE_STANDARD = gnu99;
				GCC_DYNAMIC_NO_PIC = NO;
				GCC_NO_COMMON_BLOCKS = YES;
				GCC_OPTIMIZATION_LEVEL = 0;
				GCC_PREPROCESSOR_DEFINITIONS = (
					"DEBUG=1",
					"$(inherited)",
				);
				GCC_WARN_64_TO_32_BIT_CONVERSION = YES;
				GCC_WARN_ABOUT_RETURN_TYPE = YES_ERROR;
				GCC_WARN_UNDECLARED_SELECTOR = YES;
				GCC_WARN_UNINITIALIZED_AUTOS = YES_AGGRESSIVE;
				GCC_WARN_UNUSED_FUNCTION = YES;
				GCC_WARN_UNUSED_VARIABLE = YES;
				IPHONEOS_DEPLOYMENT_TARGET = 8.0;
				MTL_ENABLE_DEBUG_INFO = YES;
				ONLY_ACTIVE_ARCH = YES;
				SDKROOT = iphoneos;
			};
			name = Debug;
		};
		FC12FD591F2F2F610012B633 /* Release */ = {
			isa = XCBuildConfiguration;
			buildSettings = {
				ALWAYS_SEARCH_USER_PATHS = NO;
				CLANG_ANALYZER_LOCALIZABILITY_NONLOCALIZED = YES;
				CLANG_ANALYZER_NONNULL = YES;
				CLANG_ANALYZER_NUMBER_OBJECT_CONVERSION = YES_AGGRESSIVE;
				CLANG_CXX_LANGUAGE_STANDARD = "gnu++0x";
				CLANG_CXX_LIBRARY = "libc++";
				CLANG_ENABLE_MODULES = YES;
				CLANG_ENABLE_OBJC_ARC = YES;
				CLANG_WARN_BLOCK_CAPTURE_AUTORELEASING = YES;
				CLANG_WARN_BOOL_CONVERSION = YES;
				CLANG_WARN_COMMA = YES;
				CLANG_WARN_CONSTANT_CONVERSION = YES;
				CLANG_WARN_DEPRECATED_OBJC_IMPLEMENTATIONS = YES;
				CLANG_WARN_DIRECT_OBJC_ISA_USAGE = YES_ERROR;
				CLANG_WARN_DOCUMENTATION_COMMENTS = YES;
				CLANG_WARN_EMPTY_BODY = YES;
				CLANG_WARN_ENUM_CONVERSION = YES;
				CLANG_WARN_INFINITE_RECURSION = YES;
				CLANG_WARN_INT_CONVERSION = YES;
				CLANG_WARN_NON_LITERAL_NULL_CONVERSION = YES;
				CLANG_WARN_OBJC_IMPLICIT_RETAIN_SELF = YES;
				CLANG_WARN_OBJC_LITERAL_CONVERSION = YES;
				CLANG_WARN_OBJC_ROOT_CLASS = YES_ERROR;
				CLANG_WARN_RANGE_LOOP_ANALYSIS = YES;
				CLANG_WARN_STRICT_PROTOTYPES = YES;
				CLANG_WARN_SUSPICIOUS_MOVE = YES;
				CLANG_WARN_UNREACHABLE_CODE = YES;
				CLANG_WARN__DUPLICATE_METHOD_MATCH = YES;
				"CODE_SIGN_IDENTITY[sdk=iphoneos*]" = "iPhone Developer";
				COPY_PHASE_STRIP = NO;
				DEBUG_INFORMATION_FORMAT = "dwarf-with-dsym";
				ENABLE_NS_ASSERTIONS = NO;
				ENABLE_STRICT_OBJC_MSGSEND = YES;
				GCC_C_LANGUAGE_STANDARD = gnu99;
				GCC_NO_COMMON_BLOCKS = YES;
				GCC_WARN_64_TO_32_BIT_CONVERSION = YES;
				GCC_WARN_ABOUT_RETURN_TYPE = YES_ERROR;
				GCC_WARN_UNDECLARED_SELECTOR = YES;
				GCC_WARN_UNINITIALIZED_AUTOS = YES_AGGRESSIVE;
				GCC_WARN_UNUSED_FUNCTION = YES;
				GCC_WARN_UNUSED_VARIABLE = YES;
				IPHONEOS_DEPLOYMENT_TARGET = 8.0;
				MTL_ENABLE_DEBUG_INFO = NO;
				SDKROOT = iphoneos;
				VALIDATE_PRODUCT = YES;
			};
			name = Release;
		};
		FC12FD5B1F2F2F610012B633 /* Debug */ = {
			isa = XCBuildConfiguration;
			baseConfigurationReference = 7A66E5A9A66C823485C1D7B6 /* Pods-SDLiveVideoStream.debug.xcconfig */;
			buildSettings = {
				ASSETCATALOG_COMPILER_APPICON_NAME = AppIcon;
				ASSETCATALOG_COMPILER_LAUNCHIMAGE_NAME = LaunchImage;
				DEVELOPMENT_TEAM = Y64A2B5MWJ;
				FRAMEWORK_SEARCH_PATHS = (
					"$(inherited)",
					"$(PROJECT_DIR)/SDLiveVideoStream/Library",
				);
				GCC_PRECOMPILE_PREFIX_HEADER = YES;
				GCC_PREFIX_HEADER = "$(SRCROOT)/SDLiveVideoStream/SDLiveVideoStream-Prefix.pch";
				INFOPLIST_FILE = SDLiveVideoStream/Info.plist;
				IPHONEOS_DEPLOYMENT_TARGET = 8.0;
				LD_RUNPATH_SEARCH_PATHS = "$(inherited) @executable_path/Frameworks";
				PRODUCT_BUNDLE_IDENTIFIER = com.sd.SDLiveVideoStream;
				PRODUCT_NAME = "$(TARGET_NAME)";
			};
			name = Debug;
		};
		FC12FD5C1F2F2F610012B633 /* Release */ = {
			isa = XCBuildConfiguration;
			baseConfigurationReference = 3E8324FEE6F8EC7EE6863B5F /* Pods-SDLiveVideoStream.release.xcconfig */;
			buildSettings = {
				ASSETCATALOG_COMPILER_APPICON_NAME = AppIcon;
				ASSETCATALOG_COMPILER_LAUNCHIMAGE_NAME = LaunchImage;
				DEVELOPMENT_TEAM = Y64A2B5MWJ;
				FRAMEWORK_SEARCH_PATHS = (
					"$(inherited)",
					"$(PROJECT_DIR)/SDLiveVideoStream/Library",
				);
				GCC_PRECOMPILE_PREFIX_HEADER = YES;
				GCC_PREFIX_HEADER = "$(SRCROOT)/SDLiveVideoStream/SDLiveVideoStream-Prefix.pch";
				INFOPLIST_FILE = SDLiveVideoStream/Info.plist;
				IPHONEOS_DEPLOYMENT_TARGET = 8.0;
				LD_RUNPATH_SEARCH_PATHS = "$(inherited) @executable_path/Frameworks";
				PRODUCT_BUNDLE_IDENTIFIER = com.sd.SDLiveVideoStream;
				PRODUCT_NAME = "$(TARGET_NAME)";
			};
			name = Release;
		};
/* End XCBuildConfiguration section */

/* Begin XCConfigurationList section */
		FC12FD3E1F2F2F610012B633 /* Build configuration list for PBXProject "SDLiveVideoStream" */ = {
			isa = XCConfigurationList;
			buildConfigurations = (
				FC12FD581F2F2F610012B633 /* Debug */,
				FC12FD591F2F2F610012B633 /* Release */,
			);
			defaultConfigurationIsVisible = 0;
			defaultConfigurationName = Release;
		};
		FC12FD5A1F2F2F610012B633 /* Build configuration list for PBXNativeTarget "SDLiveVideoStream" */ = {
			isa = XCConfigurationList;
			buildConfigurations = (
				FC12FD5B1F2F2F610012B633 /* Debug */,
				FC12FD5C1F2F2F610012B633 /* Release */,
			);
			defaultConfigurationIsVisible = 0;
			defaultConfigurationName = Release;
		};
/* End XCConfigurationList section */
	};
	rootObject = FC12FD3B1F2F2F610012B633 /* Project object */;
}
